// !$*UTF8*$!
{
	archiveVersion = 1;
	classes = {
	};
	objectVersion = 52;
	objects = {

/* Begin PBXBuildFile section */
		5505BCF4B94B57FD9A987593 /* Pods_Young_Tutors.framework in Frameworks */ = {isa = PBXBuildFile; fileRef = 7DF96991FF9E26DD65C48C66 /* Pods_Young_Tutors.framework */; };
		C612AD96257B43AC0025D3C6 /* StudentSignUp.swift in Sources */ = {isa = PBXBuildFile; fileRef = C612AD95257B43AC0025D3C6 /* StudentSignUp.swift */; };
		C612AD99257B43CE0025D3C6 /* TutorSignInView.swift in Sources */ = {isa = PBXBuildFile; fileRef = C612AD98257B43CE0025D3C6 /* TutorSignInView.swift */; };
		C612AD9C257B43E70025D3C6 /* LogInView.swift in Sources */ = {isa = PBXBuildFile; fileRef = C612AD9B257B43E70025D3C6 /* LogInView.swift */; };
		C61BE3A12569B61A0025F494 /* ContainerView.swift in Sources */ = {isa = PBXBuildFile; fileRef = C61BE3A02569B61A0025F494 /* ContainerView.swift */; };
		C620BB05256A40270088F11F /* MainView.swift in Sources */ = {isa = PBXBuildFile; fileRef = C620BB04256A40270088F11F /* MainView.swift */; };
		C620BB08256A40490088F11F /* SignUpModel.swift in Sources */ = {isa = PBXBuildFile; fileRef = C620BB07256A40490088F11F /* SignUpModel.swift */; };
		C62BD45825788C9F0027B387 /* EventsView.swift in Sources */ = {isa = PBXBuildFile; fileRef = C62BD45725788C9F0027B387 /* EventsView.swift */; };
		C62BD45B25788FCD0027B387 /* StudentModel.swift in Sources */ = {isa = PBXBuildFile; fileRef = C62BD45A25788FCD0027B387 /* StudentModel.swift */; };
		C64644352565E1D600C52883 /* View+Extension.swift in Sources */ = {isa = PBXBuildFile; fileRef = C64644342565E1D600C52883 /* View+Extension.swift */; };
		C64F24292595245500A24ABD /* Image+Extension.swift in Sources */ = {isa = PBXBuildFile; fileRef = C64F24282595245500A24ABD /* Image+Extension.swift */; };
		C65A2CC9256618C2003FB1AB /* Card.swift in Sources */ = {isa = PBXBuildFile; fileRef = C65A2CC8256618C2003FB1AB /* Card.swift */; };
		C65B1CB5257452CB0007DD9F /* TutorDetailView.swift in Sources */ = {isa = PBXBuildFile; fileRef = C65B1CB4257452CB0007DD9F /* TutorDetailView.swift */; };
		C65D707425748D33005CED5E /* NavModel.swift in Sources */ = {isa = PBXBuildFile; fileRef = C65D707325748D33005CED5E /* NavModel.swift */; };
		C65D8AB82573115B00B80DF0 /* AppDelegate.swift in Sources */ = {isa = PBXBuildFile; fileRef = C65D8AB72573115B00B80DF0 /* AppDelegate.swift */; };
		C65D8ABD2573120800B80DF0 /* GoogleService-Info.plist in Resources */ = {isa = PBXBuildFile; fileRef = C65D8ABC2573120800B80DF0 /* GoogleService-Info.plist */; };
		C65E687A256F8EAF00E264C5 /* String+Extension.swift in Sources */ = {isa = PBXBuildFile; fileRef = C65E6879256F8EAF00E264C5 /* String+Extension.swift */; };
		C666388325867403003B48F8 /* TTProgressHUD in Frameworks */ = {isa = PBXBuildFile; productRef = C666388225867403003B48F8 /* TTProgressHUD */; };
		C666388625868BBA003B48F8 /* ProgressHudActivator.swift in Sources */ = {isa = PBXBuildFile; fileRef = C666388525868BBA003B48F8 /* ProgressHudActivator.swift */; };
		C6695805259460CA004258EB /* Color+Extension.swift in Sources */ = {isa = PBXBuildFile; fileRef = C6695804259460CA004258EB /* Color+Extension.swift */; };
		C67215722583232600A58956 /* RecapView.swift in Sources */ = {isa = PBXBuildFile; fileRef = C67215712583232600A58956 /* RecapView.swift */; };
		C679405B2582D6FA00DAD7B4 /* SearchBar.swift in Sources */ = {isa = PBXBuildFile; fileRef = C679405A2582D6FA00DAD7B4 /* SearchBar.swift */; };
		C67C5A11258BD8A600F08F2D /* TutorProfileView.swift in Sources */ = {isa = PBXBuildFile; fileRef = C67C5A10258BD8A600F08F2D /* TutorProfileView.swift */; };
		C68439492583027E00EBE80D /* ProgressHUD.swift in Sources */ = {isa = PBXBuildFile; fileRef = C68439482583027E00EBE80D /* ProgressHUD.swift */; };
		C684394D25830F0800EBE80D /* EnvironmentKeys.swift in Sources */ = {isa = PBXBuildFile; fileRef = C684394C25830F0800EBE80D /* EnvironmentKeys.swift */; };
		C69C4D612573520D0071A865 /* TutorsModel.swift in Sources */ = {isa = PBXBuildFile; fileRef = C69C4D602573520D0071A865 /* TutorsModel.swift */; };
		C6E9AFF12565B96600065AE0 /* SubjectsModel.swift in Sources */ = {isa = PBXBuildFile; fileRef = C6E9AFF02565B96600065AE0 /* SubjectsModel.swift */; };
		C6E9AFF42565B97500065AE0 /* ClassModel.swift in Sources */ = {isa = PBXBuildFile; fileRef = C6E9AFF32565B97500065AE0 /* ClassModel.swift */; };
		C6E9AFF72565B98E00065AE0 /* SubjectsView.swift in Sources */ = {isa = PBXBuildFile; fileRef = C6E9AFF62565B98E00065AE0 /* SubjectsView.swift */; };
		C6E9AFFA2565B99C00065AE0 /* ClassView.swift in Sources */ = {isa = PBXBuildFile; fileRef = C6E9AFF92565B99C00065AE0 /* ClassView.swift */; };
		C6E9AFFD2565B9A900065AE0 /* SessionView.swift in Sources */ = {isa = PBXBuildFile; fileRef = C6E9AFFC2565B9A900065AE0 /* SessionView.swift */; };
		C6EADF0A25659A7F00D6EA29 /* SceneDelegate.swift in Sources */ = {isa = PBXBuildFile; fileRef = C6EADF0925659A7F00D6EA29 /* SceneDelegate.swift */; };
		C6EADF0C25659A7F00D6EA29 /* ContentView.swift in Sources */ = {isa = PBXBuildFile; fileRef = C6EADF0B25659A7F00D6EA29 /* ContentView.swift */; };
		C6EADF0E25659A7F00D6EA29 /* Assets.xcassets in Resources */ = {isa = PBXBuildFile; fileRef = C6EADF0D25659A7F00D6EA29 /* Assets.xcassets */; };
		C6EADF1125659A7F00D6EA29 /* Preview Assets.xcassets in Resources */ = {isa = PBXBuildFile; fileRef = C6EADF1025659A7F00D6EA29 /* Preview Assets.xcassets */; };
		C6EADF1425659A7F00D6EA29 /* LaunchScreen.storyboard in Resources */ = {isa = PBXBuildFile; fileRef = C6EADF1225659A7F00D6EA29 /* LaunchScreen.storyboard */; };
		C6EADF3725659D5C00D6EA29 /* TestModel.swift in Sources */ = {isa = PBXBuildFile; fileRef = C6EADF3625659D5C00D6EA29 /* TestModel.swift */; };
		C6F9508125717623002A9993 /* TutorSubjectsView.swift in Sources */ = {isa = PBXBuildFile; fileRef = C6F9508025717623002A9993 /* TutorSubjectsView.swift */; };
		C6F950842571763E002A9993 /* TutorTimesView.swift in Sources */ = {isa = PBXBuildFile; fileRef = C6F950832571763E002A9993 /* TutorTimesView.swift */; };
		C6F9508725717751002A9993 /* TutorDataModel.swift in Sources */ = {isa = PBXBuildFile; fileRef = C6F9508625717751002A9993 /* TutorDataModel.swift */; };
		C6F9508B25717E39002A9993 /* TutorContainerView.swift in Sources */ = {isa = PBXBuildFile; fileRef = C6F9508A25717E39002A9993 /* TutorContainerView.swift */; };
		C6F9508F2571854D002A9993 /* TutorCard.swift in Sources */ = {isa = PBXBuildFile; fileRef = C6F9508E2571854D002A9993 /* TutorCard.swift */; };
		C6F9509325718697002A9993 /* TutorClassesView.swift in Sources */ = {isa = PBXBuildFile; fileRef = C6F9509225718697002A9993 /* TutorClassesView.swift */; };
		C6FDA96A256ED1AB006B3110 /* TutorsView.swift in Sources */ = {isa = PBXBuildFile; fileRef = C6FDA969256ED1AB006B3110 /* TutorsView.swift */; };
		C6FDA96D256ED205006B3110 /* CalendarView.swift in Sources */ = {isa = PBXBuildFile; fileRef = C6FDA96C256ED205006B3110 /* CalendarView.swift */; };
		C6FDA971256ED20F006B3110 /* SettingsView.swift in Sources */ = {isa = PBXBuildFile; fileRef = C6FDA970256ED20F006B3110 /* SettingsView.swift */; };
/* End PBXBuildFile section */

/* Begin PBXFileReference section */
		1B7916976051053A55234FCA /* Pods-Young Tutors.debug.xcconfig */ = {isa = PBXFileReference; includeInIndex = 1; lastKnownFileType = text.xcconfig; name = "Pods-Young Tutors.debug.xcconfig"; path = "Target Support Files/Pods-Young Tutors/Pods-Young Tutors.debug.xcconfig"; sourceTree = "<group>"; };
		4DD0B456C3013811E72B511E /* Pods-Young Tutors.release.xcconfig */ = {isa = PBXFileReference; includeInIndex = 1; lastKnownFileType = text.xcconfig; name = "Pods-Young Tutors.release.xcconfig"; path = "Target Support Files/Pods-Young Tutors/Pods-Young Tutors.release.xcconfig"; sourceTree = "<group>"; };
		7DF96991FF9E26DD65C48C66 /* Pods_Young_Tutors.framework */ = {isa = PBXFileReference; explicitFileType = wrapper.framework; includeInIndex = 0; path = Pods_Young_Tutors.framework; sourceTree = BUILT_PRODUCTS_DIR; };
		C612AD95257B43AC0025D3C6 /* StudentSignUp.swift */ = {isa = PBXFileReference; lastKnownFileType = sourcecode.swift; path = StudentSignUp.swift; sourceTree = "<group>"; };
		C612AD98257B43CE0025D3C6 /* TutorSignInView.swift */ = {isa = PBXFileReference; lastKnownFileType = sourcecode.swift; path = TutorSignInView.swift; sourceTree = "<group>"; };
		C612AD9B257B43E70025D3C6 /* LogInView.swift */ = {isa = PBXFileReference; lastKnownFileType = sourcecode.swift; path = LogInView.swift; sourceTree = "<group>"; };
		C61BE3A02569B61A0025F494 /* ContainerView.swift */ = {isa = PBXFileReference; lastKnownFileType = sourcecode.swift; path = ContainerView.swift; sourceTree = "<group>"; };
		C620BB04256A40270088F11F /* MainView.swift */ = {isa = PBXFileReference; lastKnownFileType = sourcecode.swift; path = MainView.swift; sourceTree = "<group>"; };
		C620BB07256A40490088F11F /* SignUpModel.swift */ = {isa = PBXFileReference; lastKnownFileType = sourcecode.swift; path = SignUpModel.swift; sourceTree = "<group>"; };
		C62BD45725788C9F0027B387 /* EventsView.swift */ = {isa = PBXFileReference; lastKnownFileType = sourcecode.swift; path = EventsView.swift; sourceTree = "<group>"; };
		C62BD45A25788FCD0027B387 /* StudentModel.swift */ = {isa = PBXFileReference; lastKnownFileType = sourcecode.swift; path = StudentModel.swift; sourceTree = "<group>"; };
		C64644342565E1D600C52883 /* View+Extension.swift */ = {isa = PBXFileReference; lastKnownFileType = sourcecode.swift; path = "View+Extension.swift"; sourceTree = "<group>"; };
		C64F24282595245500A24ABD /* Image+Extension.swift */ = {isa = PBXFileReference; lastKnownFileType = sourcecode.swift; path = "Image+Extension.swift"; sourceTree = "<group>"; };
		C65A2CC8256618C2003FB1AB /* Card.swift */ = {isa = PBXFileReference; lastKnownFileType = sourcecode.swift; path = Card.swift; sourceTree = "<group>"; };
		C65B1CB4257452CB0007DD9F /* TutorDetailView.swift */ = {isa = PBXFileReference; lastKnownFileType = sourcecode.swift; path = TutorDetailView.swift; sourceTree = "<group>"; };
		C65D707325748D33005CED5E /* NavModel.swift */ = {isa = PBXFileReference; lastKnownFileType = sourcecode.swift; path = NavModel.swift; sourceTree = "<group>"; };
		C65D8AB72573115B00B80DF0 /* AppDelegate.swift */ = {isa = PBXFileReference; fileEncoding = 4; lastKnownFileType = sourcecode.swift; path = AppDelegate.swift; sourceTree = "<group>"; };
		C65D8ABC2573120800B80DF0 /* GoogleService-Info.plist */ = {isa = PBXFileReference; fileEncoding = 4; lastKnownFileType = text.plist.xml; path = "GoogleService-Info.plist"; sourceTree = "<group>"; };
		C65E6879256F8EAF00E264C5 /* String+Extension.swift */ = {isa = PBXFileReference; lastKnownFileType = sourcecode.swift; path = "String+Extension.swift"; sourceTree = "<group>"; };
		C666388525868BBA003B48F8 /* ProgressHudActivator.swift */ = {isa = PBXFileReference; lastKnownFileType = sourcecode.swift; path = ProgressHudActivator.swift; sourceTree = "<group>"; };
		C6695804259460CA004258EB /* Color+Extension.swift */ = {isa = PBXFileReference; lastKnownFileType = sourcecode.swift; path = "Color+Extension.swift"; sourceTree = "<group>"; };
		C67215712583232600A58956 /* RecapView.swift */ = {isa = PBXFileReference; lastKnownFileType = sourcecode.swift; path = RecapView.swift; sourceTree = "<group>"; };
		C67408DA257C96D90047D7FC /* Young Tutors.entitlements */ = {isa = PBXFileReference; lastKnownFileType = text.plist.entitlements; path = "Young Tutors.entitlements"; sourceTree = "<group>"; };
		C679405A2582D6FA00DAD7B4 /* SearchBar.swift */ = {isa = PBXFileReference; lastKnownFileType = sourcecode.swift; path = SearchBar.swift; sourceTree = "<group>"; };
		C67C5A10258BD8A600F08F2D /* TutorProfileView.swift */ = {isa = PBXFileReference; lastKnownFileType = sourcecode.swift; path = TutorProfileView.swift; sourceTree = "<group>"; };
		C68439482583027E00EBE80D /* ProgressHUD.swift */ = {isa = PBXFileReference; lastKnownFileType = sourcecode.swift; path = ProgressHUD.swift; sourceTree = "<group>"; };
		C684394C25830F0800EBE80D /* EnvironmentKeys.swift */ = {isa = PBXFileReference; lastKnownFileType = sourcecode.swift; path = EnvironmentKeys.swift; sourceTree = "<group>"; };
		C69C4D602573520D0071A865 /* TutorsModel.swift */ = {isa = PBXFileReference; lastKnownFileType = sourcecode.swift; path = TutorsModel.swift; sourceTree = "<group>"; };
		C6E9AFF02565B96600065AE0 /* SubjectsModel.swift */ = {isa = PBXFileReference; lastKnownFileType = sourcecode.swift; path = SubjectsModel.swift; sourceTree = "<group>"; };
		C6E9AFF32565B97500065AE0 /* ClassModel.swift */ = {isa = PBXFileReference; lastKnownFileType = sourcecode.swift; path = ClassModel.swift; sourceTree = "<group>"; };
		C6E9AFF62565B98E00065AE0 /* SubjectsView.swift */ = {isa = PBXFileReference; lastKnownFileType = sourcecode.swift; path = SubjectsView.swift; sourceTree = "<group>"; };
		C6E9AFF92565B99C00065AE0 /* ClassView.swift */ = {isa = PBXFileReference; lastKnownFileType = sourcecode.swift; path = ClassView.swift; sourceTree = "<group>"; };
		C6E9AFFC2565B9A900065AE0 /* SessionView.swift */ = {isa = PBXFileReference; lastKnownFileType = sourcecode.swift; path = SessionView.swift; sourceTree = "<group>"; };
		C6EADF0425659A7F00D6EA29 /* Young Tutors.app */ = {isa = PBXFileReference; explicitFileType = wrapper.application; includeInIndex = 0; path = "Young Tutors.app"; sourceTree = BUILT_PRODUCTS_DIR; };
		C6EADF0925659A7F00D6EA29 /* SceneDelegate.swift */ = {isa = PBXFileReference; lastKnownFileType = sourcecode.swift; path = SceneDelegate.swift; sourceTree = "<group>"; };
		C6EADF0B25659A7F00D6EA29 /* ContentView.swift */ = {isa = PBXFileReference; lastKnownFileType = sourcecode.swift; path = ContentView.swift; sourceTree = "<group>"; };
		C6EADF0D25659A7F00D6EA29 /* Assets.xcassets */ = {isa = PBXFileReference; lastKnownFileType = folder.assetcatalog; path = Assets.xcassets; sourceTree = "<group>"; };
		C6EADF1025659A7F00D6EA29 /* Preview Assets.xcassets */ = {isa = PBXFileReference; lastKnownFileType = folder.assetcatalog; path = "Preview Assets.xcassets"; sourceTree = "<group>"; };
		C6EADF1325659A7F00D6EA29 /* Base */ = {isa = PBXFileReference; lastKnownFileType = file.storyboard; name = Base; path = Base.lproj/LaunchScreen.storyboard; sourceTree = "<group>"; };
		C6EADF1525659A7F00D6EA29 /* Info.plist */ = {isa = PBXFileReference; lastKnownFileType = text.plist.xml; path = Info.plist; sourceTree = "<group>"; };
		C6EADF3625659D5C00D6EA29 /* TestModel.swift */ = {isa = PBXFileReference; lastKnownFileType = sourcecode.swift; path = TestModel.swift; sourceTree = "<group>"; };
		C6F9508025717623002A9993 /* TutorSubjectsView.swift */ = {isa = PBXFileReference; lastKnownFileType = sourcecode.swift; path = TutorSubjectsView.swift; sourceTree = "<group>"; };
		C6F950832571763E002A9993 /* TutorTimesView.swift */ = {isa = PBXFileReference; lastKnownFileType = sourcecode.swift; path = TutorTimesView.swift; sourceTree = "<group>"; };
		C6F9508625717751002A9993 /* TutorDataModel.swift */ = {isa = PBXFileReference; lastKnownFileType = sourcecode.swift; path = TutorDataModel.swift; sourceTree = "<group>"; };
		C6F9508A25717E39002A9993 /* TutorContainerView.swift */ = {isa = PBXFileReference; lastKnownFileType = sourcecode.swift; path = TutorContainerView.swift; sourceTree = "<group>"; };
		C6F9508E2571854D002A9993 /* TutorCard.swift */ = {isa = PBXFileReference; lastKnownFileType = sourcecode.swift; path = TutorCard.swift; sourceTree = "<group>"; };
		C6F9509225718697002A9993 /* TutorClassesView.swift */ = {isa = PBXFileReference; lastKnownFileType = sourcecode.swift; path = TutorClassesView.swift; sourceTree = "<group>"; };
		C6FDA969256ED1AB006B3110 /* TutorsView.swift */ = {isa = PBXFileReference; lastKnownFileType = sourcecode.swift; path = TutorsView.swift; sourceTree = "<group>"; };
		C6FDA96C256ED205006B3110 /* CalendarView.swift */ = {isa = PBXFileReference; lastKnownFileType = sourcecode.swift; path = CalendarView.swift; sourceTree = "<group>"; };
		C6FDA970256ED20F006B3110 /* SettingsView.swift */ = {isa = PBXFileReference; lastKnownFileType = sourcecode.swift; path = SettingsView.swift; sourceTree = "<group>"; };
/* End PBXFileReference section */

/* Begin PBXFrameworksBuildPhase section */
		C6EADF0125659A7E00D6EA29 /* Frameworks */ = {
			isa = PBXFrameworksBuildPhase;
			buildActionMask = 2147483647;
			files = (
				5505BCF4B94B57FD9A987593 /* Pods_Young_Tutors.framework in Frameworks */,
				C666388325867403003B48F8 /* TTProgressHUD in Frameworks */,
			);
			runOnlyForDeploymentPostprocessing = 0;
		};
/* End PBXFrameworksBuildPhase section */

/* Begin PBXGroup section */
		76915610481833DE346009F3 /* Pods */ = {
			isa = PBXGroup;
			children = (
				1B7916976051053A55234FCA /* Pods-Young Tutors.debug.xcconfig */,
				4DD0B456C3013811E72B511E /* Pods-Young Tutors.release.xcconfig */,
			);
			path = Pods;
			sourceTree = "<group>";
		};
		97F957113CA452CEDA752146 /* Frameworks */ = {
			isa = PBXGroup;
			children = (
				7DF96991FF9E26DD65C48C66 /* Pods_Young_Tutors.framework */,
			);
			name = Frameworks;
			sourceTree = "<group>";
		};
		C620BB03256A400C0088F11F /* Sign Up Flow */ = {
			isa = PBXGroup;
			children = (
				C620BB04256A40270088F11F /* MainView.swift */,
				C612AD95257B43AC0025D3C6 /* StudentSignUp.swift */,
				C612AD98257B43CE0025D3C6 /* TutorSignInView.swift */,
				C612AD9B257B43E70025D3C6 /* LogInView.swift */,
				C620BB07256A40490088F11F /* SignUpModel.swift */,
			);
			name = "Sign Up Flow";
			sourceTree = "<group>";
		};
		C632E2A42582F2C000E12758 /* SubViews */ = {
			isa = PBXGroup;
			children = (
				C679405A2582D6FA00DAD7B4 /* SearchBar.swift */,
				C68439482583027E00EBE80D /* ProgressHUD.swift */,
			);
			name = SubViews;
			sourceTree = "<group>";
		};
		C67C5A13258BD8AE00F08F2D /* (T) Create Flow */ = {
			isa = PBXGroup;
			children = (
				C6F9508025717623002A9993 /* TutorSubjectsView.swift */,
				C6F9509225718697002A9993 /* TutorClassesView.swift */,
				C6F950832571763E002A9993 /* TutorTimesView.swift */,
				C6F9508E2571854D002A9993 /* TutorCard.swift */,
			);
			name = "(T) Create Flow";
			sourceTree = "<group>";
		};
		C67C5A15258BD8FF00F08F2D /* (T) Profile */ = {
			isa = PBXGroup;
			children = (
				C67C5A10258BD8A600F08F2D /* TutorProfileView.swift */,
			);
			name = "(T) Profile";
			sourceTree = "<group>";
		};
		C6E9AFEB2565B8C700065AE0 /* System */ = {
			isa = PBXGroup;
			children = (
				C67408DA257C96D90047D7FC /* Young Tutors.entitlements */,
				C65D8ABC2573120800B80DF0 /* GoogleService-Info.plist */,
				C65D8AB72573115B00B80DF0 /* AppDelegate.swift */,
				C6EADF0925659A7F00D6EA29 /* SceneDelegate.swift */,
				C6EADF0D25659A7F00D6EA29 /* Assets.xcassets */,
				C6EADF1225659A7F00D6EA29 /* LaunchScreen.storyboard */,
				C6EADF1525659A7F00D6EA29 /* Info.plist */,
				C6EADF0F25659A7F00D6EA29 /* Preview Content */,
			);
			name = System;
			sourceTree = "<group>";
		};
		C6E9AFEC2565B8CD00065AE0 /* (S) Schedule Flow  */ = {
			isa = PBXGroup;
			children = (
				C6FDA95C256ECC9E006B3110 /* Views */,
				C6E9AFEE2565B8DA00065AE0 /* Models */,
			);
			name = "(S) Schedule Flow ";
			sourceTree = "<group>";
		};
		C6E9AFEE2565B8DA00065AE0 /* Models */ = {
			isa = PBXGroup;
			children = (
				C6E9AFF02565B96600065AE0 /* SubjectsModel.swift */,
				C6E9AFF32565B97500065AE0 /* ClassModel.swift */,
			);
			name = Models;
			sourceTree = "<group>";
		};
		C6EADEFB25659A7E00D6EA29 = {
			isa = PBXGroup;
			children = (
				C6EADF0625659A7F00D6EA29 /* Young Tutors */,
				C6EADF0525659A7F00D6EA29 /* Products */,
				76915610481833DE346009F3 /* Pods */,
				97F957113CA452CEDA752146 /* Frameworks */,
			);
			sourceTree = "<group>";
		};
		C6EADF0525659A7F00D6EA29 /* Products */ = {
			isa = PBXGroup;
			children = (
				C6EADF0425659A7F00D6EA29 /* Young Tutors.app */,
			);
			name = Products;
			sourceTree = "<group>";
		};
		C6EADF0625659A7F00D6EA29 /* Young Tutors */ = {
			isa = PBXGroup;
			children = (
				C632E2A42582F2C000E12758 /* SubViews */,
				C666388525868BBA003B48F8 /* ProgressHudActivator.swift */,
				C61BE3A02569B61A0025F494 /* ContainerView.swift */,
				C6F9508A25717E39002A9993 /* TutorContainerView.swift */,
				C65D707325748D33005CED5E /* NavModel.swift */,
				C6E9AFEC2565B8CD00065AE0 /* (S) Schedule Flow  */,
				C6FDA960256ED0E7006B3110 /* (S) Tutors */,
				C6FDA961256ED0F9006B3110 /* (S) Calendar */,
				C6FDA962256ED104006B3110 /* (S) Settings */,
				C620BB03256A400C0088F11F /* Sign Up Flow */,
				C6FDA963256ED147006B3110 /* Extensions */,
				C67C5A13258BD8AE00F08F2D /* (T) Create Flow */,
				C62BD45725788C9F0027B387 /* EventsView.swift */,
				C67C5A15258BD8FF00F08F2D /* (T) Profile */,
				C684394C25830F0800EBE80D /* EnvironmentKeys.swift */,
				C6F9508625717751002A9993 /* TutorDataModel.swift */,
				C6FDA95E256ED0DB006B3110 /* Test */,
				C6E9AFEB2565B8C700065AE0 /* System */,
			);
			path = "Young Tutors";
			sourceTree = "<group>";
		};
		C6EADF0F25659A7F00D6EA29 /* Preview Content */ = {
			isa = PBXGroup;
			children = (
				C6EADF1025659A7F00D6EA29 /* Preview Assets.xcassets */,
			);
			path = "Preview Content";
			sourceTree = "<group>";
		};
		C6FDA95C256ECC9E006B3110 /* Views */ = {
			isa = PBXGroup;
			children = (
				C6E9AFF62565B98E00065AE0 /* SubjectsView.swift */,
				C6E9AFF92565B99C00065AE0 /* ClassView.swift */,
				C6E9AFFC2565B9A900065AE0 /* SessionView.swift */,
				C67215712583232600A58956 /* RecapView.swift */,
				C65A2CC8256618C2003FB1AB /* Card.swift */,
			);
			name = Views;
			sourceTree = "<group>";
		};
		C6FDA95E256ED0DB006B3110 /* Test */ = {
			isa = PBXGroup;
			children = (
				C6EADF0B25659A7F00D6EA29 /* ContentView.swift */,
				C6EADF3625659D5C00D6EA29 /* TestModel.swift */,
			);
			name = Test;
			sourceTree = "<group>";
		};
		C6FDA960256ED0E7006B3110 /* (S) Tutors */ = {
			isa = PBXGroup;
			children = (
				C6FDA969256ED1AB006B3110 /* TutorsView.swift */,
				C65B1CB4257452CB0007DD9F /* TutorDetailView.swift */,
				C69C4D602573520D0071A865 /* TutorsModel.swift */,
			);
			name = "(S) Tutors";
			sourceTree = "<group>";
		};
		C6FDA961256ED0F9006B3110 /* (S) Calendar */ = {
			isa = PBXGroup;
			children = (
				C6FDA96C256ED205006B3110 /* CalendarView.swift */,
				C62BD45A25788FCD0027B387 /* StudentModel.swift */,
			);
			name = "(S) Calendar";
			sourceTree = "<group>";
		};
		C6FDA962256ED104006B3110 /* (S) Settings */ = {
			isa = PBXGroup;
			children = (
				C6FDA970256ED20F006B3110 /* SettingsView.swift */,
			);
			name = "(S) Settings";
			sourceTree = "<group>";
		};
		C6FDA963256ED147006B3110 /* Extensions */ = {
			isa = PBXGroup;
			children = (
				C64644342565E1D600C52883 /* View+Extension.swift */,
				C65E6879256F8EAF00E264C5 /* String+Extension.swift */,
				C6695804259460CA004258EB /* Color+Extension.swift */,
				C64F24282595245500A24ABD /* Image+Extension.swift */,
			);
			name = Extensions;
			sourceTree = "<group>";
		};
/* End PBXGroup section */

/* Begin PBXNativeTarget section */
		C6EADF0325659A7E00D6EA29 /* Young Tutors */ = {
			isa = PBXNativeTarget;
			buildConfigurationList = C6EADF1825659A7F00D6EA29 /* Build configuration list for PBXNativeTarget "Young Tutors" */;
			buildPhases = (
				C4B726337DA1F1B8959D9034 /* [CP] Check Pods Manifest.lock */,
				C6EADF0025659A7E00D6EA29 /* Sources */,
				C6EADF0125659A7E00D6EA29 /* Frameworks */,
				C6EADF0225659A7E00D6EA29 /* Resources */,
				7C06BF8C472130C744AE078E /* [CP] Embed Pods Frameworks */,
			);
			buildRules = (
			);
			dependencies = (
			);
			name = "Young Tutors";
			packageProductDependencies = (
				C666388225867403003B48F8 /* TTProgressHUD */,
			);
			productName = "Young Tutors";
			productReference = C6EADF0425659A7F00D6EA29 /* Young Tutors.app */;
			productType = "com.apple.product-type.application";
		};
/* End PBXNativeTarget section */

/* Begin PBXProject section */
		C6EADEFC25659A7E00D6EA29 /* Project object */ = {
			isa = PBXProject;
			attributes = {
				LastSwiftUpdateCheck = 1210;
				LastUpgradeCheck = 1210;
				TargetAttributes = {
					C6EADF0325659A7E00D6EA29 = {
						CreatedOnToolsVersion = 12.1;
					};
				};
			};
			buildConfigurationList = C6EADEFF25659A7E00D6EA29 /* Build configuration list for PBXProject "Young Tutors" */;
			compatibilityVersion = "Xcode 9.3";
			developmentRegion = en;
			hasScannedForEncodings = 0;
			knownRegions = (
				en,
				Base,
			);
			mainGroup = C6EADEFB25659A7E00D6EA29;
			packageReferences = (
				C666388125867403003B48F8 /* XCRemoteSwiftPackageReference "TTProgressHUD" */,
			);
			productRefGroup = C6EADF0525659A7F00D6EA29 /* Products */;
			projectDirPath = "";
			projectRoot = "";
			targets = (
				C6EADF0325659A7E00D6EA29 /* Young Tutors */,
			);
		};
/* End PBXProject section */

/* Begin PBXResourcesBuildPhase section */
		C6EADF0225659A7E00D6EA29 /* Resources */ = {
			isa = PBXResourcesBuildPhase;
			buildActionMask = 2147483647;
			files = (
				C6EADF1425659A7F00D6EA29 /* LaunchScreen.storyboard in Resources */,
				C65D8ABD2573120800B80DF0 /* GoogleService-Info.plist in Resources */,
				C6EADF1125659A7F00D6EA29 /* Preview Assets.xcassets in Resources */,
				C6EADF0E25659A7F00D6EA29 /* Assets.xcassets in Resources */,
			);
			runOnlyForDeploymentPostprocessing = 0;
		};
/* End PBXResourcesBuildPhase section */

/* Begin PBXShellScriptBuildPhase section */
		7C06BF8C472130C744AE078E /* [CP] Embed Pods Frameworks */ = {
			isa = PBXShellScriptBuildPhase;
			buildActionMask = 2147483647;
			files = (
			);
			inputFileListPaths = (
				"${PODS_ROOT}/Target Support Files/Pods-Young Tutors/Pods-Young Tutors-frameworks-${CONFIGURATION}-input-files.xcfilelist",
			);
			name = "[CP] Embed Pods Frameworks";
			outputFileListPaths = (
				"${PODS_ROOT}/Target Support Files/Pods-Young Tutors/Pods-Young Tutors-frameworks-${CONFIGURATION}-output-files.xcfilelist",
			);
			runOnlyForDeploymentPostprocessing = 0;
			shellPath = /bin/sh;
			shellScript = "\"${PODS_ROOT}/Target Support Files/Pods-Young Tutors/Pods-Young Tutors-frameworks.sh\"\n";
			showEnvVarsInLog = 0;
		};
		C4B726337DA1F1B8959D9034 /* [CP] Check Pods Manifest.lock */ = {
			isa = PBXShellScriptBuildPhase;
			buildActionMask = 2147483647;
			files = (
			);
			inputFileListPaths = (
			);
			inputPaths = (
				"${PODS_PODFILE_DIR_PATH}/Podfile.lock",
				"${PODS_ROOT}/Manifest.lock",
			);
			name = "[CP] Check Pods Manifest.lock";
			outputFileListPaths = (
			);
			outputPaths = (
				"$(DERIVED_FILE_DIR)/Pods-Young Tutors-checkManifestLockResult.txt",
			);
			runOnlyForDeploymentPostprocessing = 0;
			shellPath = /bin/sh;
			shellScript = "diff \"${PODS_PODFILE_DIR_PATH}/Podfile.lock\" \"${PODS_ROOT}/Manifest.lock\" > /dev/null\nif [ $? != 0 ] ; then\n    # print error to STDERR\n    echo \"error: The sandbox is not in sync with the Podfile.lock. Run 'pod install' or update your CocoaPods installation.\" >&2\n    exit 1\nfi\n# This output is used by Xcode 'outputs' to avoid re-running this script phase.\necho \"SUCCESS\" > \"${SCRIPT_OUTPUT_FILE_0}\"\n";
			showEnvVarsInLog = 0;
		};
/* End PBXShellScriptBuildPhase section */

/* Begin PBXSourcesBuildPhase section */
		C6EADF0025659A7E00D6EA29 /* Sources */ = {
			isa = PBXSourcesBuildPhase;
			buildActionMask = 2147483647;
			files = (
				C6F950842571763E002A9993 /* TutorTimesView.swift in Sources */,
				C65B1CB5257452CB0007DD9F /* TutorDetailView.swift in Sources */,
				C6E9AFF12565B96600065AE0 /* SubjectsModel.swift in Sources */,
				C6F9508F2571854D002A9993 /* TutorCard.swift in Sources */,
				C6E9AFFD2565B9A900065AE0 /* SessionView.swift in Sources */,
				C6F9508725717751002A9993 /* TutorDataModel.swift in Sources */,
				C666388625868BBA003B48F8 /* ProgressHudActivator.swift in Sources */,
				C65E687A256F8EAF00E264C5 /* String+Extension.swift in Sources */,
				C6F9509325718697002A9993 /* TutorClassesView.swift in Sources */,
				C6FDA96D256ED205006B3110 /* CalendarView.swift in Sources */,
				C67C5A11258BD8A600F08F2D /* TutorProfileView.swift in Sources */,
				C6E9AFFA2565B99C00065AE0 /* ClassView.swift in Sources */,
				C6EADF0A25659A7F00D6EA29 /* SceneDelegate.swift in Sources */,
				C6E9AFF72565B98E00065AE0 /* SubjectsView.swift in Sources */,
				C68439492583027E00EBE80D /* ProgressHUD.swift in Sources */,
				C62BD45B25788FCD0027B387 /* StudentModel.swift in Sources */,
				C6FDA96A256ED1AB006B3110 /* TutorsView.swift in Sources */,
				C679405B2582D6FA00DAD7B4 /* SearchBar.swift in Sources */,
				C612AD96257B43AC0025D3C6 /* StudentSignUp.swift in Sources */,
				C65D8AB82573115B00B80DF0 /* AppDelegate.swift in Sources */,
				C64F24292595245500A24ABD /* Image+Extension.swift in Sources */,
				C612AD99257B43CE0025D3C6 /* TutorSignInView.swift in Sources */,
				C6EADF0C25659A7F00D6EA29 /* ContentView.swift in Sources */,
				C684394D25830F0800EBE80D /* EnvironmentKeys.swift in Sources */,
				C67215722583232600A58956 /* RecapView.swift in Sources */,
				C620BB05256A40270088F11F /* MainView.swift in Sources */,
				C69C4D612573520D0071A865 /* TutorsModel.swift in Sources */,
				C6F9508125717623002A9993 /* TutorSubjectsView.swift in Sources */,
				C65D707425748D33005CED5E /* NavModel.swift in Sources */,
				C62BD45825788C9F0027B387 /* EventsView.swift in Sources */,
				C65A2CC9256618C2003FB1AB /* Card.swift in Sources */,
				C6695805259460CA004258EB /* Color+Extension.swift in Sources */,
				C6E9AFF42565B97500065AE0 /* ClassModel.swift in Sources */,
				C6EADF3725659D5C00D6EA29 /* TestModel.swift in Sources */,
				C6F9508B25717E39002A9993 /* TutorContainerView.swift in Sources */,
				C61BE3A12569B61A0025F494 /* ContainerView.swift in Sources */,
				C620BB08256A40490088F11F /* SignUpModel.swift in Sources */,
				C612AD9C257B43E70025D3C6 /* LogInView.swift in Sources */,
				C64644352565E1D600C52883 /* View+Extension.swift in Sources */,
				C6FDA971256ED20F006B3110 /* SettingsView.swift in Sources */,
			);
			runOnlyForDeploymentPostprocessing = 0;
		};
/* End PBXSourcesBuildPhase section */

/* Begin PBXVariantGroup section */
		C6EADF1225659A7F00D6EA29 /* LaunchScreen.storyboard */ = {
			isa = PBXVariantGroup;
			children = (
				C6EADF1325659A7F00D6EA29 /* Base */,
			);
			name = LaunchScreen.storyboard;
			sourceTree = "<group>";
		};
/* End PBXVariantGroup section */

/* Begin XCBuildConfiguration section */
		C6EADF1625659A7F00D6EA29 /* Debug */ = {
			isa = XCBuildConfiguration;
			buildSettings = {
				ALWAYS_SEARCH_USER_PATHS = NO;
				CLANG_ANALYZER_NONNULL = YES;
				CLANG_ANALYZER_NUMBER_OBJECT_CONVERSION = YES_AGGRESSIVE;
				CLANG_CXX_LANGUAGE_STANDARD = "gnu++14";
				CLANG_CXX_LIBRARY = "libc++";
				CLANG_ENABLE_MODULES = YES;
				CLANG_ENABLE_OBJC_ARC = YES;
				CLANG_ENABLE_OBJC_WEAK = YES;
				CLANG_WARN_BLOCK_CAPTURE_AUTORELEASING = YES;
				CLANG_WARN_BOOL_CONVERSION = YES;
				CLANG_WARN_COMMA = YES;
				CLANG_WARN_CONSTANT_CONVERSION = YES;
				CLANG_WARN_DEPRECATED_OBJC_IMPLEMENTATIONS = YES;
				CLANG_WARN_DIRECT_OBJC_ISA_USAGE = YES_ERROR;
				CLANG_WARN_DOCUMENTATION_COMMENTS = YES;
				CLANG_WARN_EMPTY_BODY = YES;
				CLANG_WARN_ENUM_CONVERSION = YES;
				CLANG_WARN_INFINITE_RECURSION = YES;
				CLANG_WARN_INT_CONVERSION = YES;
				CLANG_WARN_NON_LITERAL_NULL_CONVERSION = YES;
				CLANG_WARN_OBJC_IMPLICIT_RETAIN_SELF = YES;
				CLANG_WARN_OBJC_LITERAL_CONVERSION = YES;
				CLANG_WARN_OBJC_ROOT_CLASS = YES_ERROR;
				CLANG_WARN_QUOTED_INCLUDE_IN_FRAMEWORK_HEADER = YES;
				CLANG_WARN_RANGE_LOOP_ANALYSIS = YES;
				CLANG_WARN_STRICT_PROTOTYPES = YES;
				CLANG_WARN_SUSPICIOUS_MOVE = YES;
				CLANG_WARN_UNGUARDED_AVAILABILITY = YES_AGGRESSIVE;
				CLANG_WARN_UNREACHABLE_CODE = YES;
				CLANG_WARN__DUPLICATE_METHOD_MATCH = YES;
				COPY_PHASE_STRIP = NO;
				DEBUG_INFORMATION_FORMAT = dwarf;
				ENABLE_STRICT_OBJC_MSGSEND = YES;
				ENABLE_TESTABILITY = YES;
				GCC_C_LANGUAGE_STANDARD = gnu11;
				GCC_DYNAMIC_NO_PIC = NO;
				GCC_NO_COMMON_BLOCKS = YES;
				GCC_OPTIMIZATION_LEVEL = 0;
				GCC_PREPROCESSOR_DEFINITIONS = (
					"DEBUG=1",
					"$(inherited)",
				);
				GCC_WARN_64_TO_32_BIT_CONVERSION = YES;
				GCC_WARN_ABOUT_RETURN_TYPE = YES_ERROR;
				GCC_WARN_UNDECLARED_SELECTOR = YES;
				GCC_WARN_UNINITIALIZED_AUTOS = YES_AGGRESSIVE;
				GCC_WARN_UNUSED_FUNCTION = YES;
				GCC_WARN_UNUSED_VARIABLE = YES;
				IPHONEOS_DEPLOYMENT_TARGET = 14.1;
				MTL_ENABLE_DEBUG_INFO = INCLUDE_SOURCE;
				MTL_FAST_MATH = YES;
				ONLY_ACTIVE_ARCH = YES;
				SDKROOT = iphoneos;
				SWIFT_ACTIVE_COMPILATION_CONDITIONS = DEBUG;
				SWIFT_OPTIMIZATION_LEVEL = "-Onone";
			};
			name = Debug;
		};
		C6EADF1725659A7F00D6EA29 /* Release */ = {
			isa = XCBuildConfiguration;
			buildSettings = {
				ALWAYS_SEARCH_USER_PATHS = NO;
				CLANG_ANALYZER_NONNULL = YES;
				CLANG_ANALYZER_NUMBER_OBJECT_CONVERSION = YES_AGGRESSIVE;
				CLANG_CXX_LANGUAGE_STANDARD = "gnu++14";
				CLANG_CXX_LIBRARY = "libc++";
				CLANG_ENABLE_MODULES = YES;
				CLANG_ENABLE_OBJC_ARC = YES;
				CLANG_ENABLE_OBJC_WEAK = YES;
				CLANG_WARN_BLOCK_CAPTURE_AUTORELEASING = YES;
				CLANG_WARN_BOOL_CONVERSION = YES;
				CLANG_WARN_COMMA = YES;
				CLANG_WARN_CONSTANT_CONVERSION = YES;
				CLANG_WARN_DEPRECATED_OBJC_IMPLEMENTATIONS = YES;
				CLANG_WARN_DIRECT_OBJC_ISA_USAGE = YES_ERROR;
				CLANG_WARN_DOCUMENTATION_COMMENTS = YES;
				CLANG_WARN_EMPTY_BODY = YES;
				CLANG_WARN_ENUM_CONVERSION = YES;
				CLANG_WARN_INFINITE_RECURSION = YES;
				CLANG_WARN_INT_CONVERSION = YES;
				CLANG_WARN_NON_LITERAL_NULL_CONVERSION = YES;
				CLANG_WARN_OBJC_IMPLICIT_RETAIN_SELF = YES;
				CLANG_WARN_OBJC_LITERAL_CONVERSION = YES;
				CLANG_WARN_OBJC_ROOT_CLASS = YES_ERROR;
				CLANG_WARN_QUOTED_INCLUDE_IN_FRAMEWORK_HEADER = YES;
				CLANG_WARN_RANGE_LOOP_ANALYSIS = YES;
				CLANG_WARN_STRICT_PROTOTYPES = YES;
				CLANG_WARN_SUSPICIOUS_MOVE = YES;
				CLANG_WARN_UNGUARDED_AVAILABILITY = YES_AGGRESSIVE;
				CLANG_WARN_UNREACHABLE_CODE = YES;
				CLANG_WARN__DUPLICATE_METHOD_MATCH = YES;
				COPY_PHASE_STRIP = NO;
				DEBUG_INFORMATION_FORMAT = "dwarf-with-dsym";
				ENABLE_NS_ASSERTIONS = NO;
				ENABLE_STRICT_OBJC_MSGSEND = YES;
				GCC_C_LANGUAGE_STANDARD = gnu11;
				GCC_NO_COMMON_BLOCKS = YES;
				GCC_WARN_64_TO_32_BIT_CONVERSION = YES;
				GCC_WARN_ABOUT_RETURN_TYPE = YES_ERROR;
				GCC_WARN_UNDECLARED_SELECTOR = YES;
				GCC_WARN_UNINITIALIZED_AUTOS = YES_AGGRESSIVE;
				GCC_WARN_UNUSED_FUNCTION = YES;
				GCC_WARN_UNUSED_VARIABLE = YES;
				IPHONEOS_DEPLOYMENT_TARGET = 14.1;
				MTL_ENABLE_DEBUG_INFO = NO;
				MTL_FAST_MATH = YES;
				SDKROOT = iphoneos;
				SWIFT_COMPILATION_MODE = wholemodule;
				SWIFT_OPTIMIZATION_LEVEL = "-O";
				VALIDATE_PRODUCT = YES;
			};
			name = Release;
		};
		C6EADF1925659A7F00D6EA29 /* Debug */ = {
			isa = XCBuildConfiguration;
			baseConfigurationReference = 1B7916976051053A55234FCA /* Pods-Young Tutors.debug.xcconfig */;
			buildSettings = {
				ASSETCATALOG_COMPILER_APPICON_NAME = AppIcon;
				ASSETCATALOG_COMPILER_GLOBAL_ACCENT_COLOR_NAME = AccentColor;
				CODE_SIGN_ENTITLEMENTS = "Young Tutors/Young Tutors.entitlements";
				CODE_SIGN_STYLE = Automatic;
				DEVELOPMENT_ASSET_PATHS = "\"Young Tutors/Preview Content\"";
				DEVELOPMENT_TEAM = CWBTM7Q26F;
				ENABLE_PREVIEWS = YES;
				INFOPLIST_FILE = "Young Tutors/Info.plist";
				LD_RUNPATH_SEARCH_PATHS = (
					"$(inherited)",
					"@executable_path/Frameworks",
				);
				PRODUCT_BUNDLE_IDENTIFIER = "com.kendalleasterly.Young-Tutors";
				PRODUCT_NAME = "$(TARGET_NAME)";
				SUPPORTS_MACCATALYST = NO;
				SWIFT_VERSION = 5.0;
				TARGETED_DEVICE_FAMILY = 1;
			};
			name = Debug;
		};
		C6EADF1A25659A7F00D6EA29 /* Release */ = {
			isa = XCBuildConfiguration;
			baseConfigurationReference = 4DD0B456C3013811E72B511E /* Pods-Young Tutors.release.xcconfig */;
			buildSettings = {
				ASSETCATALOG_COMPILER_APPICON_NAME = AppIcon;
				ASSETCATALOG_COMPILER_GLOBAL_ACCENT_COLOR_NAME = AccentColor;
				CODE_SIGN_ENTITLEMENTS = "Young Tutors/Young Tutors.entitlements";
				CODE_SIGN_STYLE = Automatic;
				DEVELOPMENT_ASSET_PATHS = "\"Young Tutors/Preview Content\"";
				DEVELOPMENT_TEAM = CWBTM7Q26F;
				ENABLE_PREVIEWS = YES;
				INFOPLIST_FILE = "Young Tutors/Info.plist";
				LD_RUNPATH_SEARCH_PATHS = (
					"$(inherited)",
					"@executable_path/Frameworks",
				);
				PRODUCT_BUNDLE_IDENTIFIER = "com.kendalleasterly.Young-Tutors";
				PRODUCT_NAME = "$(TARGET_NAME)";
				SUPPORTS_MACCATALYST = NO;
				SWIFT_VERSION = 5.0;
				TARGETED_DEVICE_FAMILY = 1;
			};
			name = Release;
		};
/* End XCBuildConfiguration section */

/* Begin XCConfigurationList section */
		C6EADEFF25659A7E00D6EA29 /* Build configuration list for PBXProject "Young Tutors" */ = {
			isa = XCConfigurationList;
			buildConfigurations = (
				C6EADF1625659A7F00D6EA29 /* Debug */,
				C6EADF1725659A7F00D6EA29 /* Release */,
			);
			defaultConfigurationIsVisible = 0;
			defaultConfigurationName = Release;
		};
		C6EADF1825659A7F00D6EA29 /* Build configuration list for PBXNativeTarget "Young Tutors" */ = {
			isa = XCConfigurationList;
			buildConfigurations = (
				C6EADF1925659A7F00D6EA29 /* Debug */,
				C6EADF1A25659A7F00D6EA29 /* Release */,
			);
			defaultConfigurationIsVisible = 0;
			defaultConfigurationName = Release;
		};
/* End XCConfigurationList section */

/* Begin XCRemoteSwiftPackageReference section */
		C666388125867403003B48F8 /* XCRemoteSwiftPackageReference "TTProgressHUD" */ = {
			isa = XCRemoteSwiftPackageReference;
			repositoryURL = "https://github.com/honkmaster/TTProgressHUD";
			requirement = {
				branch = master;
				kind = branch;
			};
		};
/* End XCRemoteSwiftPackageReference section */

/* Begin XCSwiftPackageProductDependency section */
		C666388225867403003B48F8 /* TTProgressHUD */ = {
			isa = XCSwiftPackageProductDependency;
			package = C666388125867403003B48F8 /* XCRemoteSwiftPackageReference "TTProgressHUD" */;
			productName = TTProgressHUD;
		};
/* End XCSwiftPackageProductDependency section */
	};
	rootObject = C6EADEFC25659A7E00D6EA29 /* Project object */;
}
